{
  "object": {
    "pins": [
      {
        "package": "SwiftSyntax",
        "repositoryURL": "https://github.com/apple/swift-syntax.git",
        "state": {
          "branch": "swift-5.5-RELEASE",
          "revision": "cf40be70deaf4ce7d44eb1a7e14299c391e2363f",
          "version": null
        }
      },
      {
        "package": "swift-tools-support-core",
        "repositoryURL": "https://github.com/apple/swift-tools-support-core.git",
        "state": {
          "branch": null,
          "revision": "f9bbd6b80d67408021576adf6247e17c2e957d92",
          "version": "0.2.4"
        }
      },
      {
        "package": "Yams",
        "repositoryURL": "https://github.com/jpsim/Yams.git",
        "state": {
          "branch": null,
          "revision": "9ff1cc9327586db4e0c8f46f064b6a82ec1566fa",
          "version": "4.0.6"
        }
      }
    ]
  },
  "version": 1
}
