{
  "object": {
    "pins": [
      {
        "package": "SwiftSyntax",
        "repositoryURL": "https://github.com/apple/swift-syntax.git",
        "state": {
          "branch": "swift-5.3-DEVELOPMENT-SNAPSHOT-2020-07-04-a",
          "revision": "9f28bb048d8bc62ecafe20df9a56738155395613",
          "version": null
        }
      },
      {
        "package": "swift-tools-support-core",
        "repositoryURL": "https://github.com/apple/swift-tools-support-core.git",
        "state": {
          "branch": null,
          "revision": "25fc6eaec5d9f79b79419c5bdaa04e434cbcd568",
          "version": "0.1.8"
        }
      },
      {
        "package": "Yams",
        "repositoryURL": "https://github.com/jpsim/Yams.git",
        "state": {
          "branch": null,
          "revision": "81a65c4069c28011ee432f2858ba0de49b086677",
          "version": "3.0.1"
        }
      }
    ]
  },
  "version": 1
}
