{
  "object": {
    "pins": [
      {
        "package": "swift-format",
        "repositoryURL": "https://github.com/ra1028/swift-format.git",
        "state": {
          "branch": "swift-5.1-branch-latest",
          "revision": "d53bc0f8225040cbae99035b3b12a27a215fbd88",
          "version": null
        }
      },
      {
        "package": "SwiftSyntax",
        "repositoryURL": "https://github.com/apple/swift-syntax",
        "state": {
          "branch": null,
          "revision": "3e3eb191fcdbecc6031522660c4ed6ce25282c25",
          "version": "0.50100.0"
        }
      },
      {
        "package": "swift-tools-support-core",
        "repositoryURL": "https://github.com/apple/swift-tools-support-core.git",
        "state": {
          "branch": null,
          "revision": "693aba4c4c9dcc4767cc853a0dd38bf90ad8c258",
          "version": "0.0.1"
        }
      }
    ]
  },
  "version": 1
}
